
Microsoft Visual Studio Solution File, Format Version 12.00
# Visual Studio Version 16
VisualStudioVersion = 16.0.31019.35
MinimumVisualStudioVersion = 10.0.40219.1
Project("{FAE04EC0-301F-11D3-BF4B-00C04F79EFBC}") = "ChatBot", "ChatBot\ChatBot.csproj", "{78F0F1F3-F829-4479-AE4A-609F3688BA2A}"
EndProject
Project("{FAE04EC0-301F-11D3-BF4B-00C04F79EFBC}") = "ChatBot.Business.Services", "Sports.Business.Services\ChatBot.Business.Services.csproj", "{BC732C31-21D9-4408-9C16-61EC05043551}"
EndProject
Project("{FAE04EC0-301F-11D3-BF4B-00C04F79EFBC}") = "ChatBot.Data", "Sports.Data\ChatBot.Data.csproj", "{12CD4461-5595-45B1-BCA5-F46AEB820065}"
EndProject
Global
	GlobalSection(SolutionConfigurationPlatforms) = preSolution
		Debug|Any CPU = Debug|Any CPU
		Release|Any CPU = Release|Any CPU
	EndGlobalSection
	GlobalSection(ProjectConfigurationPlatforms) = postSolution
		{78F0F1F3-F829-4479-AE4A-609F3688BA2A}.Debug|Any CPU.ActiveCfg = Debug|Any CPU
		{78F0F1F3-F829-4479-AE4A-609F3688BA2A}.Debug|Any CPU.Build.0 = Debug|Any CPU
		{78F0F1F3-F829-4479-AE4A-609F3688BA2A}.Release|Any CPU.ActiveCfg = Release|Any CPU
		{78F0F1F3-F829-4479-AE4A-609F3688BA2A}.Release|Any CPU.Build.0 = Release|Any CPU
		{BC732C31-21D9-4408-9C16-61EC05043551}.Debug|Any CPU.ActiveCfg = Debug|Any CPU
		{BC732C31-21D9-4408-9C16-61EC05043551}.Debug|Any CPU.Build.0 = Debug|Any CPU
		{BC732C31-21D9-4408-9C16-61EC05043551}.Release|Any CPU.ActiveCfg = Release|Any CPU
		{BC732C31-21D9-4408-9C16-61EC05043551}.Release|Any CPU.Build.0 = Release|Any CPU
		{12CD4461-5595-45B1-BCA5-F46AEB820065}.Debug|Any CPU.ActiveCfg = Debug|Any CPU
		{12CD4461-5595-45B1-BCA5-F46AEB820065}.Debug|Any CPU.Build.0 = Debug|Any CPU
		{12CD4461-5595-45B1-BCA5-F46AEB820065}.Release|Any CPU.ActiveCfg = Release|Any CPU
		{12CD4461-5595-45B1-BCA5-F46AEB820065}.Release|Any CPU.Build.0 = Release|Any CPU
	EndGlobalSection
	GlobalSection(SolutionProperties) = preSolution
		HideSolutionNode = FALSE
	EndGlobalSection
	GlobalSection(ExtensibilityGlobals) = postSolution
		SolutionGuid = {7AEB954B-E828-4598-AC9B-0075858E5153}
	EndGlobalSection
EndGlobal
